
Microsoft Visual Studio Solution File, Format Version 12.00
# Visual Studio 2012
Project("{8BC9CEB8-8B4A-11D0-8D11-00A0C91BC942}") = "Program7-1", "Program7-1\Program7-1.vcxproj", "{E56B4B20-CA4A-4CAD-95F7-257F824AE1BC}"
EndProject
Global
	GlobalSection(SolutionConfigurationPlatforms) = preSolution
		Debug|Win32 = Debug|Win32
		Release|Win32 = Release|Win32
	EndGlobalSection
	GlobalSection(ProjectConfigurationPlatforms) = postSolution
		{E56B4B20-CA4A-4CAD-95F7-257F824AE1BC}.Debug|Win32.ActiveCfg = Debug|Win32
		{E56B4B20-CA4A-4CAD-95F7-257F824AE1BC}.Debug|Win32.Build.0 = Debug|Win32
		{E56B4B20-CA4A-4CAD-95F7-257F824AE1BC}.Release|Win32.ActiveCfg = Release|Win32
		{E56B4B20-CA4A-4CAD-95F7-257F824AE1BC}.Release|Win32.Build.0 = Release|Win32
	EndGlobalSection
	GlobalSection(SolutionProperties) = preSolution
		HideSolutionNode = FALSE
	EndGlobalSection
EndGlobal
